
Microsoft Visual Studio Solution File, Format Version 12.00
# Visual Studio Version 17
VisualStudioVersion = 17.0.32112.339
MinimumVisualStudioVersion = 10.0.40219.1
Project("{FAE04EC0-301F-11D3-BF4B-00C04F79EFBC}") = "Airline Software", "Airline Software.csproj", "{4A8C1BF7-8AB9-466A-A4DF-C309897EC6AD}"
EndProject
Global
	GlobalSection(SolutionConfigurationPlatforms) = preSolution
		Debug|Any CPU = Debug|Any CPU
		Release|Any CPU = Release|Any CPU
	EndGlobalSection
	GlobalSection(ProjectConfigurationPlatforms) = postSolution
		{4A8C1BF7-8AB9-466A-A4DF-C309897EC6AD}.Debug|Any CPU.ActiveCfg = Debug|Any CPU
		{4A8C1BF7-8AB9-466A-A4DF-C309897EC6AD}.Debug|Any CPU.Build.0 = Debug|Any CPU
		{4A8C1BF7-8AB9-466A-A4DF-C309897EC6AD}.Release|Any CPU.ActiveCfg = Release|Any CPU
		{4A8C1BF7-8AB9-466A-A4DF-C309897EC6AD}.Release|Any CPU.Build.0 = Release|Any CPU
	EndGlobalSection
	GlobalSection(SolutionProperties) = preSolution
		HideSolutionNode = FALSE
	EndGlobalSection
	GlobalSection(ExtensibilityGlobals) = postSolution
		SolutionGuid = {3E0EC2DA-408F-47AD-9DC6-4BF9EF84A787}
	EndGlobalSection
EndGlobal
